
Microsoft Visual Studio Solution File, Format Version 12.00
# Visual Studio Version 17
VisualStudioVersion = 17.5.002.0
MinimumVisualStudioVersion = 10.0.40219.1
Project("{9A19103F-16F7-4668-BE54-9A1E7A4F7556}") = "ExceLib.Tests", "ExceLib.Tests.csproj", "{7B095412-DD23-4E41-9E02-8AC747F1048C}"
EndProject
Global
	GlobalSection(SolutionConfigurationPlatforms) = preSolution
		Debug|Any CPU = Debug|Any CPU
		Release|Any CPU = Release|Any CPU
	EndGlobalSection
	GlobalSection(ProjectConfigurationPlatforms) = postSolution
		{7B095412-DD23-4E41-9E02-8AC747F1048C}.Debug|Any CPU.ActiveCfg = Debug|Any CPU
		{7B095412-DD23-4E41-9E02-8AC747F1048C}.Debug|Any CPU.Build.0 = Debug|Any CPU
		{7B095412-DD23-4E41-9E02-8AC747F1048C}.Release|Any CPU.ActiveCfg = Release|Any CPU
		{7B095412-DD23-4E41-9E02-8AC747F1048C}.Release|Any CPU.Build.0 = Release|Any CPU
	EndGlobalSection
	GlobalSection(SolutionProperties) = preSolution
		HideSolutionNode = FALSE
	EndGlobalSection
	GlobalSection(ExtensibilityGlobals) = postSolution
		SolutionGuid = {EC1AAA4C-33E6-42E4-ACEA-5E88E7561559}
	EndGlobalSection
EndGlobal
